
Microsoft Visual Studio Solution File, Format Version 12.00
# Visual Studio Version 16
VisualStudioVersion = 16.0.30011.22
MinimumVisualStudioVersion = 10.0.40219.1
Project("{9A19103F-16F7-4668-BE54-9A1E7A4F7556}") = "BLL", "BLL\BLL.csproj", "{EF7AF676-09C7-4BE7-B13F-B6B716A1BBBA}"
EndProject
Project("{9A19103F-16F7-4668-BE54-9A1E7A4F7556}") = "DAL", "DAL\DAL.csproj", "{E552FEB4-D324-4597-BE86-255550377ACF}"
EndProject
Project("{9A19103F-16F7-4668-BE54-9A1E7A4F7556}") = "API_WEB", "API_WEB\API_WEB.csproj", "{649E84E2-D40F-4D60-8558-AC6F7D592197}"
EndProject
Project("{9A19103F-16F7-4668-BE54-9A1E7A4F7556}") = "Client", "Client\Client.csproj", "{BADD6DDE-7839-4F45-8933-1233CBBAD7AF}"
EndProject
Project("{FAE04EC0-301F-11D3-BF4B-00C04F79EFBC}") = "AzureFunctionsBofin", "AzureFunctionsBofin\AzureFunctionsBofin.csproj", "{F7FE4C99-6245-42FF-A498-76524842E8E7}"
EndProject
Global
	GlobalSection(SolutionConfigurationPlatforms) = preSolution
		Debug|Any CPU = Debug|Any CPU
		Release|Any CPU = Release|Any CPU
	EndGlobalSection
	GlobalSection(ProjectConfigurationPlatforms) = postSolution
		{EF7AF676-09C7-4BE7-B13F-B6B716A1BBBA}.Debug|Any CPU.ActiveCfg = Debug|Any CPU
		{EF7AF676-09C7-4BE7-B13F-B6B716A1BBBA}.Debug|Any CPU.Build.0 = Debug|Any CPU
		{EF7AF676-09C7-4BE7-B13F-B6B716A1BBBA}.Release|Any CPU.ActiveCfg = Release|Any CPU
		{EF7AF676-09C7-4BE7-B13F-B6B716A1BBBA}.Release|Any CPU.Build.0 = Release|Any CPU
		{E552FEB4-D324-4597-BE86-255550377ACF}.Debug|Any CPU.ActiveCfg = Debug|Any CPU
		{E552FEB4-D324-4597-BE86-255550377ACF}.Debug|Any CPU.Build.0 = Debug|Any CPU
		{E552FEB4-D324-4597-BE86-255550377ACF}.Release|Any CPU.ActiveCfg = Release|Any CPU
		{E552FEB4-D324-4597-BE86-255550377ACF}.Release|Any CPU.Build.0 = Release|Any CPU
		{649E84E2-D40F-4D60-8558-AC6F7D592197}.Debug|Any CPU.ActiveCfg = Debug|Any CPU
		{649E84E2-D40F-4D60-8558-AC6F7D592197}.Debug|Any CPU.Build.0 = Debug|Any CPU
		{649E84E2-D40F-4D60-8558-AC6F7D592197}.Release|Any CPU.ActiveCfg = Release|Any CPU
		{649E84E2-D40F-4D60-8558-AC6F7D592197}.Release|Any CPU.Build.0 = Release|Any CPU
		{BADD6DDE-7839-4F45-8933-1233CBBAD7AF}.Debug|Any CPU.ActiveCfg = Debug|Any CPU
		{BADD6DDE-7839-4F45-8933-1233CBBAD7AF}.Debug|Any CPU.Build.0 = Debug|Any CPU
		{BADD6DDE-7839-4F45-8933-1233CBBAD7AF}.Release|Any CPU.ActiveCfg = Release|Any CPU
		{BADD6DDE-7839-4F45-8933-1233CBBAD7AF}.Release|Any CPU.Build.0 = Release|Any CPU
		{F7FE4C99-6245-42FF-A498-76524842E8E7}.Debug|Any CPU.ActiveCfg = Debug|Any CPU
		{F7FE4C99-6245-42FF-A498-76524842E8E7}.Debug|Any CPU.Build.0 = Debug|Any CPU
		{F7FE4C99-6245-42FF-A498-76524842E8E7}.Release|Any CPU.ActiveCfg = Release|Any CPU
		{F7FE4C99-6245-42FF-A498-76524842E8E7}.Release|Any CPU.Build.0 = Release|Any CPU
	EndGlobalSection
	GlobalSection(SolutionProperties) = preSolution
		HideSolutionNode = FALSE
	EndGlobalSection
	GlobalSection(ExtensibilityGlobals) = postSolution
		SolutionGuid = {D7F6D40D-270E-4B7B-87DF-02BA5AEA6BB9}
	EndGlobalSection
EndGlobal
